
Microsoft Visual Studio Solution File, Format Version 12.00
# Visual Studio Version 17
VisualStudioVersion = 17.5.33530.505
MinimumVisualStudioVersion = 10.0.40219.1
Project("{2150E333-8FDC-42A3-9474-1A3956D46DE8}") = "HPASS.Entity.Base", "HPASS.Entity.Base", "{330A1E8C-0E22-4D0F-AB37-F68437F7BFF5}"
EndProject
Project("{9A19103F-16F7-4668-BE54-9A1E7A4F7556}") = "HPASS.Entity.Base.Abstraction", "HPASS.Entity.Base.Abstraction\HPASS.Entity.Base.Abstraction.csproj", "{3C0C78D6-AD57-4F73-9981-9561B7841B93}"
EndProject
Project("{9A19103F-16F7-4668-BE54-9A1E7A4F7556}") = "HPASS.Entity.Base.Implementation", "HPASS.Entity.Base.Implementation\HPASS.Entity.Base.Implementation.csproj", "{007283B8-C18C-4682-9AA3-2AC915473004}"
EndProject
Project("{2150E333-8FDC-42A3-9474-1A3956D46DE8}") = "HPASS.Service", "HPASS.Service", "{02EDF42A-6065-451C-A927-0A750494389C}"
EndProject
Project("{9A19103F-16F7-4668-BE54-9A1E7A4F7556}") = "HPASS.Service.Main", "HPASS.Service.Main\HPASS.Service.Main.csproj", "{6F52B89B-AF7E-41B1-9659-B86C559ACDED}"
EndProject
Project("{2150E333-8FDC-42A3-9474-1A3956D46DE8}") = "HPASS.Authentication.Foundation", "HPASS.Authentication.Foundation", "{F4AF5B0F-FAA1-434A-B4DF-F44AECBB86F1}"
EndProject
Project("{2150E333-8FDC-42A3-9474-1A3956D46DE8}") = "HPASS.Service.Base", "HPASS.Service.Base", "{A8C86476-52D9-4B9D-AC17-7F557050E815}"
EndProject
Project("{9A19103F-16F7-4668-BE54-9A1E7A4F7556}") = "HPASS.Service.Base.Configuration", "HPASS.Service.Base.Configuration\HPASS.Service.Base.Configuration.csproj", "{B61C6A69-0077-43F6-ACCE-C8E43FC9A492}"
EndProject
Project("{9A19103F-16F7-4668-BE54-9A1E7A4F7556}") = "HPASS.Authentication.Foundation.Secret", "HPASS.Authentication.Foundation.Secret\HPASS.Authentication.Foundation.Secret.csproj", "{48D42699-DFD7-4F54-ABD6-C53201273F6B}"
EndProject
Project("{9A19103F-16F7-4668-BE54-9A1E7A4F7556}") = "HPASS.Authentication.Foundation.Token", "HPASS.Authentication.Foundation.Token\HPASS.Authentication.Foundation.Token.csproj", "{48B6B42F-24A9-4348-9275-4B711C67322C}"
EndProject
Project("{9A19103F-16F7-4668-BE54-9A1E7A4F7556}") = "HPASS.Authentication.Foundation.Option", "HPASS.Authentication.Foundation.Option\HPASS.Authentication.Foundation.Option.csproj", "{BA2D488E-DDF7-4839-934D-098E255F34CC}"
EndProject
Project("{9A19103F-16F7-4668-BE54-9A1E7A4F7556}") = "HPASS.Authentication.Foundation.Generation", "HPASS.Authentication.Foundation.Generation\HPASS.Authentication.Foundation.Generation.csproj", "{5CBD6294-7B15-4A88-8492-37A55CB7D08E}"
EndProject
Project("{9A19103F-16F7-4668-BE54-9A1E7A4F7556}") = "HPASS.Authentication.Foundation.Validation", "HPASS.Authentication.Foundation.Validation\HPASS.Authentication.Foundation.Validation.csproj", "{DE034B0F-03DC-4F15-9504-8A083F24A6FC}"
EndProject
Project("{2150E333-8FDC-42A3-9474-1A3956D46DE8}") = "HPASS.Crosscutting", "HPASS.Crosscutting", "{BD4CA40D-0B63-457C-90D5-8A557E0F67A3}"
EndProject
Project("{9A19103F-16F7-4668-BE54-9A1E7A4F7556}") = "HPASS.Crosscutting.Abstraction", "HPASS.Crosscutting.Abstraction\HPASS.Crosscutting.Abstraction.csproj", "{A171EDF3-6CBB-4507-96F7-8175FCE2C9E6}"
EndProject
Project("{9A19103F-16F7-4668-BE54-9A1E7A4F7556}") = "HPASS.Crosscutting.Implementation", "HPASS.Crosscutting.Implementation\HPASS.Crosscutting.Implementation.csproj", "{7CD8E47D-A7E1-4967-8903-2716501E4AA8}"
EndProject
Project("{2150E333-8FDC-42A3-9474-1A3956D46DE8}") = "HPASS.DataAccessLayer", "HPASS.DataAccessLayer", "{EFFCBC4C-3658-41AC-9012-28AE153B9939}"
EndProject
Project("{9A19103F-16F7-4668-BE54-9A1E7A4F7556}") = "HPASS.DataAccessLayer.Abstraction", "HPASS.DataAccessLayer.Abstraction\HPASS.DataAccessLayer.Abstraction.csproj", "{D463C0D9-9D73-4CB5-BEBE-F588588D1317}"
EndProject
Project("{9A19103F-16F7-4668-BE54-9A1E7A4F7556}") = "HPASS.DataAccessLayer.Implementation", "HPASS.DataAccessLayer.Implementation\HPASS.DataAccessLayer.Implementation.csproj", "{917B22A3-15B0-47B6-96D1-2E73EA092B3F}"
EndProject
Project("{2150E333-8FDC-42A3-9474-1A3956D46DE8}") = "HPASS.Entity", "HPASS.Entity", "{DBDDB739-8358-4B77-BC47-9264EBCE21CA}"
EndProject
Project("{9A19103F-16F7-4668-BE54-9A1E7A4F7556}") = "HPASS.Entity.Main", "HPASS.Entity.Main\HPASS.Entity.Main.csproj", "{2A5F71EA-AB49-4411-BFE9-270A2061C942}"
EndProject
Project("{2150E333-8FDC-42A3-9474-1A3956D46DE8}") = "HPASS.EfCore", "HPASS.EfCore", "{7AB2A8BF-DE94-4D07-B598-17AD2397A860}"
EndProject
Project("{FAE04EC0-301F-11D3-BF4B-00C04F79EFBC}") = "HPASS.EfCore.Context", "HPASS.EfCore.Context\HPASS.EfCore.Context.csproj", "{99287A79-A812-4CBD-9B22-5ED54E24E83C}"
EndProject
Project("{2150E333-8FDC-42A3-9474-1A3956D46DE8}") = "HPASS.Business.Base", "HPASS.Business.Base", "{370A16C9-F4CC-4A8D-B9EF-6A6E1FFA3DBB}"
EndProject
Project("{2150E333-8FDC-42A3-9474-1A3956D46DE8}") = "HPASS.AutoMapping", "HPASS.AutoMapping", "{ECE61508-0D0C-4161-9926-F4404DE4B940}"
EndProject
Project("{FAE04EC0-301F-11D3-BF4B-00C04F79EFBC}") = "HPASS.AutoMapping.Abstraction", "HPASS.AutoMapping.Abstraction\HPASS.AutoMapping.Abstraction.csproj", "{7FFE2CCB-36EA-49F3-B78D-A25A3BAF9508}"
EndProject
Project("{FAE04EC0-301F-11D3-BF4B-00C04F79EFBC}") = "HPASS.AutoMapping.Implementation", "HPASS.AutoMapping.Implementation\HPASS.AutoMapping.Implementation.csproj", "{A08B7847-C216-4D11-A1FE-7687C85226CF}"
EndProject
Project("{2150E333-8FDC-42A3-9474-1A3956D46DE8}") = "HPASS.Response", "HPASS.Response", "{76FC4F27-AAA5-41C7-950F-5DFEFAF72539}"
EndProject
Project("{FAE04EC0-301F-11D3-BF4B-00C04F79EFBC}") = "HPASS.Business.Base", "HPASS.Business.Base\HPASS.Business.Base.csproj", "{C4E4C2EE-A911-4452-B4DD-31321C5079F2}"
EndProject
Project("{2150E333-8FDC-42A3-9474-1A3956D46DE8}") = "HPASS.Business", "HPASS.Business", "{77894205-999B-484A-81FE-F5B504638426}"
EndProject
Project("{FAE04EC0-301F-11D3-BF4B-00C04F79EFBC}") = "HPASS.Business.Main.Abstraction", "HPASS.Business.Main.Abstraction\HPASS.Business.Main.Abstraction.csproj", "{5BA3CA43-0E9E-4D05-9C08-4B8A54299E36}"
EndProject
Project("{FAE04EC0-301F-11D3-BF4B-00C04F79EFBC}") = "HPASS.Business.Main.Implementation", "HPASS.Business.Main.Implementation\HPASS.Business.Main.Implementation.csproj", "{EE959A62-B77B-4A66-8E64-327360E2815D}"
EndProject
Project("{FAE04EC0-301F-11D3-BF4B-00C04F79EFBC}") = "HPASS.Response.Common", "HPASS.Response.Common\HPASS.Response.Common.csproj", "{8C9BDB3C-D355-441C-972B-76D47307309C}"
EndProject
Project("{2150E333-8FDC-42A3-9474-1A3956D46DE8}") = "HPASS.Dto.Base", "HPASS.Dto.Base", "{1B39C922-646E-4CF6-A721-70E49A4064A4}"
EndProject
Project("{FAE04EC0-301F-11D3-BF4B-00C04F79EFBC}") = "HPASS.Dto.Base.Abstraction", "HPASS.Dto.Base.Abstraction\HPASS.Dto.Base.Abstraction.csproj", "{D6B45654-185E-40D1-A605-27878E25C56A}"
EndProject
Project("{FAE04EC0-301F-11D3-BF4B-00C04F79EFBC}") = "HPASS.Dto.Base.Implementation", "HPASS.Dto.Base.Implementation\HPASS.Dto.Base.Implementation.csproj", "{74C51CA0-8761-4DB5-B227-CFFE4192BB9C}"
EndProject
Project("{2150E333-8FDC-42A3-9474-1A3956D46DE8}") = "HPASS.Dto", "HPASS.Dto", "{C0F641BF-CF3B-45ED-BE41-248648C25B46}"
EndProject
Project("{FAE04EC0-301F-11D3-BF4B-00C04F79EFBC}") = "HPASS.Dto.Main", "HPASS.Dto.Main\HPASS.Dto.Main.csproj", "{6CE06D86-C018-4D1B-938B-57B663743785}"
EndProject
Project("{FAE04EC0-301F-11D3-BF4B-00C04F79EFBC}") = "HPASS.Service.Base.Controller", "HPASS.Service.Base.Controller\HPASS.Service.Base.Controller.csproj", "{A8EE2295-6847-4F43-B621-74F45891DF96}"
EndProject
Project("{FAE04EC0-301F-11D3-BF4B-00C04F79EFBC}") = "HPASS.Crosscutting.Helper", "HPASS.Crosscutting.Helper\HPASS.Crosscutting.Helper.csproj", "{B7994620-E198-4518-B70B-EA7023280F19}"
EndProject
Project("{2150E333-8FDC-42A3-9474-1A3956D46DE8}") = "HPASS.Request", "HPASS.Request", "{6139B06B-02CE-46B6-A012-C15ADC792D40}"
EndProject
Project("{FAE04EC0-301F-11D3-BF4B-00C04F79EFBC}") = "HPASS.Request.Patient", "HPASS.Request.Patient\HPASS.Request.Patient.csproj", "{3F248720-30B0-4C22-9019-21721809CFEC}"
EndProject
Project("{2150E333-8FDC-42A3-9474-1A3956D46DE8}") = "HPASS.Enum", "HPASS.Enum", "{E31C4C66-2017-450A-9E4F-539E56890E14}"
EndProject
Project("{FAE04EC0-301F-11D3-BF4B-00C04F79EFBC}") = "HPASS.Enumeration", "HPASS.Enumeration\HPASS.Enumeration.csproj", "{ED408B4E-1889-4F06-B0EA-DD7FBE1FD905}"
EndProject
Project("{FAE04EC0-301F-11D3-BF4B-00C04F79EFBC}") = "HPASS.Request.Common", "HPASS.Request.Common\HPASS.Request.Common.csproj", "{F8661B55-9C9D-4555-A4DE-BA5AF3971580}"
EndProject
Global
	GlobalSection(SolutionConfigurationPlatforms) = preSolution
		Debug|Any CPU = Debug|Any CPU
		Release|Any CPU = Release|Any CPU
	EndGlobalSection
	GlobalSection(ProjectConfigurationPlatforms) = postSolution
		{3C0C78D6-AD57-4F73-9981-9561B7841B93}.Debug|Any CPU.ActiveCfg = Debug|Any CPU
		{3C0C78D6-AD57-4F73-9981-9561B7841B93}.Debug|Any CPU.Build.0 = Debug|Any CPU
		{3C0C78D6-AD57-4F73-9981-9561B7841B93}.Release|Any CPU.ActiveCfg = Release|Any CPU
		{3C0C78D6-AD57-4F73-9981-9561B7841B93}.Release|Any CPU.Build.0 = Release|Any CPU
		{007283B8-C18C-4682-9AA3-2AC915473004}.Debug|Any CPU.ActiveCfg = Debug|Any CPU
		{007283B8-C18C-4682-9AA3-2AC915473004}.Debug|Any CPU.Build.0 = Debug|Any CPU
		{007283B8-C18C-4682-9AA3-2AC915473004}.Release|Any CPU.ActiveCfg = Release|Any CPU
		{007283B8-C18C-4682-9AA3-2AC915473004}.Release|Any CPU.Build.0 = Release|Any CPU
		{6F52B89B-AF7E-41B1-9659-B86C559ACDED}.Debug|Any CPU.ActiveCfg = Debug|Any CPU
		{6F52B89B-AF7E-41B1-9659-B86C559ACDED}.Debug|Any CPU.Build.0 = Debug|Any CPU
		{6F52B89B-AF7E-41B1-9659-B86C559ACDED}.Release|Any CPU.ActiveCfg = Release|Any CPU
		{6F52B89B-AF7E-41B1-9659-B86C559ACDED}.Release|Any CPU.Build.0 = Release|Any CPU
		{B61C6A69-0077-43F6-ACCE-C8E43FC9A492}.Debug|Any CPU.ActiveCfg = Debug|Any CPU
		{B61C6A69-0077-43F6-ACCE-C8E43FC9A492}.Debug|Any CPU.Build.0 = Debug|Any CPU
		{B61C6A69-0077-43F6-ACCE-C8E43FC9A492}.Release|Any CPU.ActiveCfg = Release|Any CPU
		{B61C6A69-0077-43F6-ACCE-C8E43FC9A492}.Release|Any CPU.Build.0 = Release|Any CPU
		{48D42699-DFD7-4F54-ABD6-C53201273F6B}.Debug|Any CPU.ActiveCfg = Debug|Any CPU
		{48D42699-DFD7-4F54-ABD6-C53201273F6B}.Debug|Any CPU.Build.0 = Debug|Any CPU
		{48D42699-DFD7-4F54-ABD6-C53201273F6B}.Release|Any CPU.ActiveCfg = Release|Any CPU
		{48D42699-DFD7-4F54-ABD6-C53201273F6B}.Release|Any CPU.Build.0 = Release|Any CPU
		{48B6B42F-24A9-4348-9275-4B711C67322C}.Debug|Any CPU.ActiveCfg = Debug|Any CPU
		{48B6B42F-24A9-4348-9275-4B711C67322C}.Debug|Any CPU.Build.0 = Debug|Any CPU
		{48B6B42F-24A9-4348-9275-4B711C67322C}.Release|Any CPU.ActiveCfg = Release|Any CPU
		{48B6B42F-24A9-4348-9275-4B711C67322C}.Release|Any CPU.Build.0 = Release|Any CPU
		{BA2D488E-DDF7-4839-934D-098E255F34CC}.Debug|Any CPU.ActiveCfg = Debug|Any CPU
		{BA2D488E-DDF7-4839-934D-098E255F34CC}.Debug|Any CPU.Build.0 = Debug|Any CPU
		{BA2D488E-DDF7-4839-934D-098E255F34CC}.Release|Any CPU.ActiveCfg = Release|Any CPU
		{BA2D488E-DDF7-4839-934D-098E255F34CC}.Release|Any CPU.Build.0 = Release|Any CPU
		{5CBD6294-7B15-4A88-8492-37A55CB7D08E}.Debug|Any CPU.ActiveCfg = Debug|Any CPU
		{5CBD6294-7B15-4A88-8492-37A55CB7D08E}.Debug|Any CPU.Build.0 = Debug|Any CPU
		{5CBD6294-7B15-4A88-8492-37A55CB7D08E}.Release|Any CPU.ActiveCfg = Release|Any CPU
		{5CBD6294-7B15-4A88-8492-37A55CB7D08E}.Release|Any CPU.Build.0 = Release|Any CPU
		{DE034B0F-03DC-4F15-9504-8A083F24A6FC}.Debug|Any CPU.ActiveCfg = Debug|Any CPU
		{DE034B0F-03DC-4F15-9504-8A083F24A6FC}.Debug|Any CPU.Build.0 = Debug|Any CPU
		{DE034B0F-03DC-4F15-9504-8A083F24A6FC}.Release|Any CPU.ActiveCfg = Release|Any CPU
		{DE034B0F-03DC-4F15-9504-8A083F24A6FC}.Release|Any CPU.Build.0 = Release|Any CPU
		{A171EDF3-6CBB-4507-96F7-8175FCE2C9E6}.Debug|Any CPU.ActiveCfg = Debug|Any CPU
		{A171EDF3-6CBB-4507-96F7-8175FCE2C9E6}.Debug|Any CPU.Build.0 = Debug|Any CPU
		{A171EDF3-6CBB-4507-96F7-8175FCE2C9E6}.Release|Any CPU.ActiveCfg = Release|Any CPU
		{A171EDF3-6CBB-4507-96F7-8175FCE2C9E6}.Release|Any CPU.Build.0 = Release|Any CPU
		{7CD8E47D-A7E1-4967-8903-2716501E4AA8}.Debug|Any CPU.ActiveCfg = Debug|Any CPU
		{7CD8E47D-A7E1-4967-8903-2716501E4AA8}.Debug|Any CPU.Build.0 = Debug|Any CPU
		{7CD8E47D-A7E1-4967-8903-2716501E4AA8}.Release|Any CPU.ActiveCfg = Release|Any CPU
		{7CD8E47D-A7E1-4967-8903-2716501E4AA8}.Release|Any CPU.Build.0 = Release|Any CPU
		{D463C0D9-9D73-4CB5-BEBE-F588588D1317}.Debug|Any CPU.ActiveCfg = Debug|Any CPU
		{D463C0D9-9D73-4CB5-BEBE-F588588D1317}.Debug|Any CPU.Build.0 = Debug|Any CPU
		{D463C0D9-9D73-4CB5-BEBE-F588588D1317}.Release|Any CPU.ActiveCfg = Release|Any CPU
		{D463C0D9-9D73-4CB5-BEBE-F588588D1317}.Release|Any CPU.Build.0 = Release|Any CPU
		{917B22A3-15B0-47B6-96D1-2E73EA092B3F}.Debug|Any CPU.ActiveCfg = Debug|Any CPU
		{917B22A3-15B0-47B6-96D1-2E73EA092B3F}.Debug|Any CPU.Build.0 = Debug|Any CPU
		{917B22A3-15B0-47B6-96D1-2E73EA092B3F}.Release|Any CPU.ActiveCfg = Release|Any CPU
		{917B22A3-15B0-47B6-96D1-2E73EA092B3F}.Release|Any CPU.Build.0 = Release|Any CPU
		{2A5F71EA-AB49-4411-BFE9-270A2061C942}.Debug|Any CPU.ActiveCfg = Debug|Any CPU
		{2A5F71EA-AB49-4411-BFE9-270A2061C942}.Debug|Any CPU.Build.0 = Debug|Any CPU
		{2A5F71EA-AB49-4411-BFE9-270A2061C942}.Release|Any CPU.ActiveCfg = Release|Any CPU
		{2A5F71EA-AB49-4411-BFE9-270A2061C942}.Release|Any CPU.Build.0 = Release|Any CPU
		{99287A79-A812-4CBD-9B22-5ED54E24E83C}.Debug|Any CPU.ActiveCfg = Debug|Any CPU
		{99287A79-A812-4CBD-9B22-5ED54E24E83C}.Debug|Any CPU.Build.0 = Debug|Any CPU
		{99287A79-A812-4CBD-9B22-5ED54E24E83C}.Release|Any CPU.ActiveCfg = Release|Any CPU
		{99287A79-A812-4CBD-9B22-5ED54E24E83C}.Release|Any CPU.Build.0 = Release|Any CPU
		{7FFE2CCB-36EA-49F3-B78D-A25A3BAF9508}.Debug|Any CPU.ActiveCfg = Debug|Any CPU
		{7FFE2CCB-36EA-49F3-B78D-A25A3BAF9508}.Debug|Any CPU.Build.0 = Debug|Any CPU
		{7FFE2CCB-36EA-49F3-B78D-A25A3BAF9508}.Release|Any CPU.ActiveCfg = Release|Any CPU
		{7FFE2CCB-36EA-49F3-B78D-A25A3BAF9508}.Release|Any CPU.Build.0 = Release|Any CPU
		{A08B7847-C216-4D11-A1FE-7687C85226CF}.Debug|Any CPU.ActiveCfg = Debug|Any CPU
		{A08B7847-C216-4D11-A1FE-7687C85226CF}.Debug|Any CPU.Build.0 = Debug|Any CPU
		{A08B7847-C216-4D11-A1FE-7687C85226CF}.Release|Any CPU.ActiveCfg = Release|Any CPU
		{A08B7847-C216-4D11-A1FE-7687C85226CF}.Release|Any CPU.Build.0 = Release|Any CPU
		{C4E4C2EE-A911-4452-B4DD-31321C5079F2}.Debug|Any CPU.ActiveCfg = Debug|Any CPU
		{C4E4C2EE-A911-4452-B4DD-31321C5079F2}.Debug|Any CPU.Build.0 = Debug|Any CPU
		{C4E4C2EE-A911-4452-B4DD-31321C5079F2}.Release|Any CPU.ActiveCfg = Release|Any CPU
		{C4E4C2EE-A911-4452-B4DD-31321C5079F2}.Release|Any CPU.Build.0 = Release|Any CPU
		{5BA3CA43-0E9E-4D05-9C08-4B8A54299E36}.Debug|Any CPU.ActiveCfg = Debug|Any CPU
		{5BA3CA43-0E9E-4D05-9C08-4B8A54299E36}.Debug|Any CPU.Build.0 = Debug|Any CPU
		{5BA3CA43-0E9E-4D05-9C08-4B8A54299E36}.Release|Any CPU.ActiveCfg = Release|Any CPU
		{5BA3CA43-0E9E-4D05-9C08-4B8A54299E36}.Release|Any CPU.Build.0 = Release|Any CPU
		{EE959A62-B77B-4A66-8E64-327360E2815D}.Debug|Any CPU.ActiveCfg = Debug|Any CPU
		{EE959A62-B77B-4A66-8E64-327360E2815D}.Debug|Any CPU.Build.0 = Debug|Any CPU
		{EE959A62-B77B-4A66-8E64-327360E2815D}.Release|Any CPU.ActiveCfg = Release|Any CPU
		{EE959A62-B77B-4A66-8E64-327360E2815D}.Release|Any CPU.Build.0 = Release|Any CPU
		{8C9BDB3C-D355-441C-972B-76D47307309C}.Debug|Any CPU.ActiveCfg = Debug|Any CPU
		{8C9BDB3C-D355-441C-972B-76D47307309C}.Debug|Any CPU.Build.0 = Debug|Any CPU
		{8C9BDB3C-D355-441C-972B-76D47307309C}.Release|Any CPU.ActiveCfg = Release|Any CPU
		{8C9BDB3C-D355-441C-972B-76D47307309C}.Release|Any CPU.Build.0 = Release|Any CPU
		{D6B45654-185E-40D1-A605-27878E25C56A}.Debug|Any CPU.ActiveCfg = Debug|Any CPU
		{D6B45654-185E-40D1-A605-27878E25C56A}.Debug|Any CPU.Build.0 = Debug|Any CPU
		{D6B45654-185E-40D1-A605-27878E25C56A}.Release|Any CPU.ActiveCfg = Release|Any CPU
		{D6B45654-185E-40D1-A605-27878E25C56A}.Release|Any CPU.Build.0 = Release|Any CPU
		{74C51CA0-8761-4DB5-B227-CFFE4192BB9C}.Debug|Any CPU.ActiveCfg = Debug|Any CPU
		{74C51CA0-8761-4DB5-B227-CFFE4192BB9C}.Debug|Any CPU.Build.0 = Debug|Any CPU
		{74C51CA0-8761-4DB5-B227-CFFE4192BB9C}.Release|Any CPU.ActiveCfg = Release|Any CPU
		{74C51CA0-8761-4DB5-B227-CFFE4192BB9C}.Release|Any CPU.Build.0 = Release|Any CPU
		{6CE06D86-C018-4D1B-938B-57B663743785}.Debug|Any CPU.ActiveCfg = Debug|Any CPU
		{6CE06D86-C018-4D1B-938B-57B663743785}.Debug|Any CPU.Build.0 = Debug|Any CPU
		{6CE06D86-C018-4D1B-938B-57B663743785}.Release|Any CPU.ActiveCfg = Release|Any CPU
		{6CE06D86-C018-4D1B-938B-57B663743785}.Release|Any CPU.Build.0 = Release|Any CPU
		{A8EE2295-6847-4F43-B621-74F45891DF96}.Debug|Any CPU.ActiveCfg = Debug|Any CPU
		{A8EE2295-6847-4F43-B621-74F45891DF96}.Debug|Any CPU.Build.0 = Debug|Any CPU
		{A8EE2295-6847-4F43-B621-74F45891DF96}.Release|Any CPU.ActiveCfg = Release|Any CPU
		{A8EE2295-6847-4F43-B621-74F45891DF96}.Release|Any CPU.Build.0 = Release|Any CPU
		{B7994620-E198-4518-B70B-EA7023280F19}.Debug|Any CPU.ActiveCfg = Debug|Any CPU
		{B7994620-E198-4518-B70B-EA7023280F19}.Debug|Any CPU.Build.0 = Debug|Any CPU
		{B7994620-E198-4518-B70B-EA7023280F19}.Release|Any CPU.ActiveCfg = Release|Any CPU
		{B7994620-E198-4518-B70B-EA7023280F19}.Release|Any CPU.Build.0 = Release|Any CPU
		{3F248720-30B0-4C22-9019-21721809CFEC}.Debug|Any CPU.ActiveCfg = Debug|Any CPU
		{3F248720-30B0-4C22-9019-21721809CFEC}.Debug|Any CPU.Build.0 = Debug|Any CPU
		{3F248720-30B0-4C22-9019-21721809CFEC}.Release|Any CPU.ActiveCfg = Release|Any CPU
		{3F248720-30B0-4C22-9019-21721809CFEC}.Release|Any CPU.Build.0 = Release|Any CPU
		{ED408B4E-1889-4F06-B0EA-DD7FBE1FD905}.Debug|Any CPU.ActiveCfg = Debug|Any CPU
		{ED408B4E-1889-4F06-B0EA-DD7FBE1FD905}.Debug|Any CPU.Build.0 = Debug|Any CPU
		{ED408B4E-1889-4F06-B0EA-DD7FBE1FD905}.Release|Any CPU.ActiveCfg = Release|Any CPU
		{ED408B4E-1889-4F06-B0EA-DD7FBE1FD905}.Release|Any CPU.Build.0 = Release|Any CPU
		{F8661B55-9C9D-4555-A4DE-BA5AF3971580}.Debug|Any CPU.ActiveCfg = Debug|Any CPU
		{F8661B55-9C9D-4555-A4DE-BA5AF3971580}.Debug|Any CPU.Build.0 = Debug|Any CPU
		{F8661B55-9C9D-4555-A4DE-BA5AF3971580}.Release|Any CPU.ActiveCfg = Release|Any CPU
		{F8661B55-9C9D-4555-A4DE-BA5AF3971580}.Release|Any CPU.Build.0 = Release|Any CPU
	EndGlobalSection
	GlobalSection(SolutionProperties) = preSolution
		HideSolutionNode = FALSE
	EndGlobalSection
	GlobalSection(NestedProjects) = preSolution
		{3C0C78D6-AD57-4F73-9981-9561B7841B93} = {330A1E8C-0E22-4D0F-AB37-F68437F7BFF5}
		{007283B8-C18C-4682-9AA3-2AC915473004} = {330A1E8C-0E22-4D0F-AB37-F68437F7BFF5}
		{6F52B89B-AF7E-41B1-9659-B86C559ACDED} = {02EDF42A-6065-451C-A927-0A750494389C}
		{B61C6A69-0077-43F6-ACCE-C8E43FC9A492} = {A8C86476-52D9-4B9D-AC17-7F557050E815}
		{48D42699-DFD7-4F54-ABD6-C53201273F6B} = {F4AF5B0F-FAA1-434A-B4DF-F44AECBB86F1}
		{48B6B42F-24A9-4348-9275-4B711C67322C} = {F4AF5B0F-FAA1-434A-B4DF-F44AECBB86F1}
		{BA2D488E-DDF7-4839-934D-098E255F34CC} = {F4AF5B0F-FAA1-434A-B4DF-F44AECBB86F1}
		{5CBD6294-7B15-4A88-8492-37A55CB7D08E} = {F4AF5B0F-FAA1-434A-B4DF-F44AECBB86F1}
		{DE034B0F-03DC-4F15-9504-8A083F24A6FC} = {F4AF5B0F-FAA1-434A-B4DF-F44AECBB86F1}
		{A171EDF3-6CBB-4507-96F7-8175FCE2C9E6} = {BD4CA40D-0B63-457C-90D5-8A557E0F67A3}
		{7CD8E47D-A7E1-4967-8903-2716501E4AA8} = {BD4CA40D-0B63-457C-90D5-8A557E0F67A3}
		{D463C0D9-9D73-4CB5-BEBE-F588588D1317} = {EFFCBC4C-3658-41AC-9012-28AE153B9939}
		{917B22A3-15B0-47B6-96D1-2E73EA092B3F} = {EFFCBC4C-3658-41AC-9012-28AE153B9939}
		{2A5F71EA-AB49-4411-BFE9-270A2061C942} = {DBDDB739-8358-4B77-BC47-9264EBCE21CA}
		{99287A79-A812-4CBD-9B22-5ED54E24E83C} = {7AB2A8BF-DE94-4D07-B598-17AD2397A860}
		{7FFE2CCB-36EA-49F3-B78D-A25A3BAF9508} = {ECE61508-0D0C-4161-9926-F4404DE4B940}
		{A08B7847-C216-4D11-A1FE-7687C85226CF} = {ECE61508-0D0C-4161-9926-F4404DE4B940}
		{C4E4C2EE-A911-4452-B4DD-31321C5079F2} = {370A16C9-F4CC-4A8D-B9EF-6A6E1FFA3DBB}
		{5BA3CA43-0E9E-4D05-9C08-4B8A54299E36} = {77894205-999B-484A-81FE-F5B504638426}
		{EE959A62-B77B-4A66-8E64-327360E2815D} = {77894205-999B-484A-81FE-F5B504638426}
		{8C9BDB3C-D355-441C-972B-76D47307309C} = {76FC4F27-AAA5-41C7-950F-5DFEFAF72539}
		{D6B45654-185E-40D1-A605-27878E25C56A} = {1B39C922-646E-4CF6-A721-70E49A4064A4}
		{74C51CA0-8761-4DB5-B227-CFFE4192BB9C} = {1B39C922-646E-4CF6-A721-70E49A4064A4}
		{6CE06D86-C018-4D1B-938B-57B663743785} = {C0F641BF-CF3B-45ED-BE41-248648C25B46}
		{A8EE2295-6847-4F43-B621-74F45891DF96} = {A8C86476-52D9-4B9D-AC17-7F557050E815}
		{B7994620-E198-4518-B70B-EA7023280F19} = {BD4CA40D-0B63-457C-90D5-8A557E0F67A3}
		{3F248720-30B0-4C22-9019-21721809CFEC} = {6139B06B-02CE-46B6-A012-C15ADC792D40}
		{ED408B4E-1889-4F06-B0EA-DD7FBE1FD905} = {E31C4C66-2017-450A-9E4F-539E56890E14}
		{F8661B55-9C9D-4555-A4DE-BA5AF3971580} = {6139B06B-02CE-46B6-A012-C15ADC792D40}
	EndGlobalSection
	GlobalSection(ExtensibilityGlobals) = postSolution
		SolutionGuid = {FF61996A-5B24-49B4-BF4A-5B9FBE14CA91}
	EndGlobalSection
EndGlobal
